# THIS IS AN AUTOGENERATED FILE. DO NOT EDIT THIS FILE DIRECTLY.
# yarn lockfile v1


"@ggcity/leaflet-iife@^1.2.0":
  version "1.2.0"
  resolved "https://registry.yarnpkg.com/@ggcity/leaflet-iife/-/leaflet-iife-1.2.0.tgz#76780202f9c40d581f4c79ca803299833ef5f058"

"@polymer/polymer@next":
  version "3.0.0-pre.1"
  resolved "https://registry.yarnpkg.com/@polymer/polymer/-/polymer-3.0.0-pre.1.tgz#9fc26b5259aad9265f324ced02de715991d2eabe"
  dependencies:
    "@webcomponents/shadycss" "^1.0.0"
    "@webcomponents/webcomponentsjs" "^1.0.0"

"@webcomponents/shadycss@^1.0.0":
  version "1.0.5"
  resolved "https://registry.yarnpkg.com/@webcomponents/shadycss/-/shadycss-1.0.5.tgz#ff8537dd06c46f33eccee082cdecd9507bf39f56"

"@webcomponents/webcomponentsjs@^1.0.0":
  version "1.0.9"
  resolved "https://registry.yarnpkg.com/@webcomponents/webcomponentsjs/-/webcomponentsjs-1.0.9.tgz#afbff641692f444785f076a9be76d59455855138"
